deps = [
    {
        isFeral = false;
        name = "libssh";
        constraint = ">=0.12.0,<0.13.0";
        sha256 = "";
        url = "";
    },
    {
        isFeral = true;
        sha256 = "e830efa55bf69de7afdadad4609c4c55a409f6c1f2ee3ae6b251925210fd6f75";
        url = "https://github.com/Feral-Lang/LibSSH/archive/refs/tags/0.2.0.tar.gz";
        constraint = ">=0.2.0,<0.3.0";
        name = "SSH";
    }
];
